// !$*UTF8*$!
{
	archiveVersion = 1;
	classes = {
	};
	objectVersion = 46;
	objects = {

/* Begin PBXBuildFile section */
		0CB5FDC7199228070037686D /* Foundation.framework in Frameworks */ = {isa = PBXBuildFile; fileRef = 0CB5FDC6199228070037686D /* Foundation.framework */; };
		0CB5FDCA199228070037686D /* main.m in Sources */ = {isa = PBXBuildFile; fileRef = 0CB5FDC9199228070037686D /* main.m */; };
		0CB5FDCE199228070037686D /* ProtocolDemo.1 in CopyFiles */ = {isa = PBXBuildFile; fileRef = 0CB5FDCD199228070037686D /* ProtocolDemo.1 */; };
		0CB5FDDA19922A820037686D /* ZhangSan.m in Sources */ = {isa = PBXBuildFile; fileRef = 0CB5FDD919922A820037686D /* ZhangSan.m */; };
		0CB5FDDD19922A940037686D /* LiSi.m in Sources */ = {isa = PBXBuildFile; fileRef = 0CB5FDDC19922A940037686D /* LiSi.m */; };
/* End PBXBuildFile section */

/* Begin PBXCopyFilesBuildPhase section */
		0CB5FDC1199228070037686D /* CopyFiles */ = {
			isa = PBXCopyFilesBuildPhase;
			buildActionMask = 2147483647;
			dstPath = /usr/share/man/man1/;
			dstSubfolderSpec = 0;
			files = (
				0CB5FDCE199228070037686D /* ProtocolDemo.1 in CopyFiles */,
			);
			runOnlyForDeploymentPostprocessing = 1;
		};
/* End PBXCopyFilesBuildPhase section */

/* Begin PBXFileReference section */
		0CB5FDC3199228070037686D /* ProtocolDemo */ = {isa = PBXFileReference; explicitFileType = "compiled.mach-o.executable"; includeInIndex = 0; path = ProtocolDemo; sourceTree = BUILT_PRODUCTS_DIR; };
		0CB5FDC6199228070037686D /* Foundation.framework */ = {isa = PBXFileReference; lastKnownFileType = wrapper.framework; name = Foundation.framework; path = System/Library/Frameworks/Foundation.framework; sourceTree = SDKROOT; };
		0CB5FDC9199228070037686D /* main.m */ = {isa = PBXFileReference; lastKnownFileType = sourcecode.c.objc; path = main.m; sourceTree = "<group>"; };
		0CB5FDCC199228070037686D /* ProtocolDemo-Prefix.pch */ = {isa = PBXFileReference; lastKnownFileType = sourcecode.c.h; path = "ProtocolDemo-Prefix.pch"; sourceTree = "<group>"; };
		0CB5FDCD199228070037686D /* ProtocolDemo.1 */ = {isa = PBXFileReference; lastKnownFileType = text.man; path = ProtocolDemo.1; sourceTree = "<group>"; };
		0CB5FDD7199228700037686D /* ByAppleDelegate.h */ = {isa = PBXFileReference; lastKnownFileType = sourcecode.c.h; path = ByAppleDelegate.h; sourceTree = "<group>"; };
		0CB5FDD819922A820037686D /* ZhangSan.h */ = {isa = PBXFileReference; fileEncoding = 4; lastKnownFileType = sourcecode.c.h; path = ZhangSan.h; sourceTree = "<group>"; };
		0CB5FDD919922A820037686D /* ZhangSan.m */ = {isa = PBXFileReference; fileEncoding = 4; lastKnownFileType = sourcecode.c.objc; path = ZhangSan.m; sourceTree = "<group>"; };
		0CB5FDDB19922A940037686D /* LiSi.h */ = {isa = PBXFileReference; fileEncoding = 4; lastKnownFileType = sourcecode.c.h; path = LiSi.h; sourceTree = "<group>"; };
		0CB5FDDC19922A940037686D /* LiSi.m */ = {isa = PBXFileReference; fileEncoding = 4; lastKnownFileType = sourcecode.c.objc; path = LiSi.m; sourceTree = "<group>"; };
/* End PBXFileReference section */

/* Begin PBXFrameworksBuildPhase section */
		0CB5FDC0199228070037686D /* Frameworks */ = {
			isa = PBXFrameworksBuildPhase;
			buildActionMask = 2147483647;
			files = (
				0CB5FDC7199228070037686D /* Foundation.framework in Frameworks */,
			);
			runOnlyForDeploymentPostprocessing = 0;
		};
/* End PBXFrameworksBuildPhase section */

/* Begin PBXGroup section */
		0CB5FDBA199228070037686D = {
			isa = PBXGroup;
			children = (
				0CB5FDC8199228070037686D /* ProtocolDemo */,
				0CB5FDC5199228070037686D /* Frameworks */,
				0CB5FDC4199228070037686D /* Products */,
			);
			sourceTree = "<group>";
		};
		0CB5FDC4199228070037686D /* Products */ = {
			isa = PBXGroup;
			children = (
				0CB5FDC3199228070037686D /* ProtocolDemo */,
			);
			name = Products;
			sourceTree = "<group>";
		};
		0CB5FDC5199228070037686D /* Frameworks */ = {
			isa = PBXGroup;
			children = (
				0CB5FDC6199228070037686D /* Foundation.framework */,
			);
			name = Frameworks;
			sourceTree = "<group>";
		};
		0CB5FDC8199228070037686D /* ProtocolDemo */ = {
			isa = PBXGroup;
			children = (
				0CB5FDC9199228070037686D /* main.m */,
				0CB5FDD7199228700037686D /* ByAppleDelegate.h */,
				0CB5FDD819922A820037686D /* ZhangSan.h */,
				0CB5FDD919922A820037686D /* ZhangSan.m */,
				0CB5FDDB19922A940037686D /* LiSi.h */,
				0CB5FDDC19922A940037686D /* LiSi.m */,
				0CB5FDCD199228070037686D /* ProtocolDemo.1 */,
				0CB5FDCB199228070037686D /* Supporting Files */,
			);
			path = ProtocolDemo;
			sourceTree = "<group>";
		};
		0CB5FDCB199228070037686D /* Supporting Files */ = {
			isa = PBXGroup;
			children = (
				0CB5FDCC199228070037686D /* ProtocolDemo-Prefix.pch */,
			);
			name = "Supporting Files";
			sourceTree = "<group>";
		};
/* End PBXGroup section */

/* Begin PBXNativeTarget section */
		0CB5FDC2199228070037686D /* ProtocolDemo */ = {
			isa = PBXNativeTarget;
			buildConfigurationList = 0CB5FDD1199228070037686D /* Build configuration list for PBXNativeTarget "ProtocolDemo" */;
			buildPhases = (
				0CB5FDBF199228070037686D /* Sources */,
				0CB5FDC0199228070037686D /* Frameworks */,
				0CB5FDC1199228070037686D /* CopyFiles */,
			);
			buildRules = (
			);
			dependencies = (
			);
			name = ProtocolDemo;
			productName = ProtocolDemo;
			productReference = 0CB5FDC3199228070037686D /* ProtocolDemo */;
			productType = "com.apple.product-type.tool";
		};
/* End PBXNativeTarget section */

/* Begin PBXProject section */
		0CB5FDBB199228070037686D /* Project object */ = {
			isa = PBXProject;
			attributes = {
				LastUpgradeCheck = 0460;
				ORGANIZATIONNAME = yons;
			};
			buildConfigurationList = 0CB5FDBE199228070037686D /* Build configuration list for PBXProject "ProtocolDemo" */;
			compatibilityVersion = "Xcode 3.2";
			developmentRegion = English;
			hasScannedForEncodings = 0;
			knownRegions = (
				en,
			);
			mainGroup = 0CB5FDBA199228070037686D;
			productRefGroup = 0CB5FDC4199228070037686D /* Products */;
			projectDirPath = "";
			projectRoot = "";
			targets = (
				0CB5FDC2199228070037686D /* ProtocolDemo */,
			);
		};
/* End PBXProject section */

/* Begin PBXSourcesBuildPhase section */
		0CB5FDBF199228070037686D /* Sources */ = {
			isa = PBXSourcesBuildPhase;
			buildActionMask = 2147483647;
			files = (
				0CB5FDCA199228070037686D /* main.m in Sources */,
				0CB5FDDA19922A820037686D /* ZhangSan.m in Sources */,
				0CB5FDDD19922A940037686D /* LiSi.m in Sources */,
			);
			runOnlyForDeploymentPostprocessing = 0;
		};
/* End PBXSourcesBuildPhase section */

/* Begin XCBuildConfiguration section */
		0CB5FDCF199228070037686D /* Debug */ = {
			isa = XCBuildConfiguration;
			buildSettings = {
				ALWAYS_SEARCH_USER_PATHS = NO;
				ARCHS = "$(ARCHS_STANDARD_64_BIT)";
				CLANG_CXX_LANGUAGE_STANDARD = "gnu++0x";
				CLANG_CXX_LIBRARY = "libc++";
				CLANG_WARN_CONSTANT_CONVERSION = YES;
				CLANG_WARN_EMPTY_BODY = YES;
				CLANG_WARN_ENUM_CONVERSION = YES;
				CLANG_WARN_INT_CONVERSION = YES;
				CLANG_WARN__DUPLICATE_METHOD_MATCH = YES;
				COPY_PHASE_STRIP = NO;
				GCC_C_LANGUAGE_STANDARD = gnu99;
				GCC_DYNAMIC_NO_PIC = NO;
				GCC_ENABLE_OBJC_EXCEPTIONS = YES;
				GCC_OPTIMIZATION_LEVEL = 0;
				GCC_PREPROCESSOR_DEFINITIONS = (
					"DEBUG=1",
					"$(inherited)",
				);
				GCC_SYMBOLS_PRIVATE_EXTERN = NO;
				GCC_WARN_64_TO_32_BIT_CONVERSION = YES;
				GCC_WARN_ABOUT_RETURN_TYPE = YES;
				GCC_WARN_UNINITIALIZED_AUTOS = YES;
				GCC_WARN_UNUSED_VARIABLE = YES;
				MACOSX_DEPLOYMENT_TARGET = 10.8;
				ONLY_ACTIVE_ARCH = YES;
				SDKROOT = macosx;
			};
			name = Debug;
		};
		0CB5FDD0199228070037686D /* Release */ = {
			isa = XCBuildConfiguration;
			buildSettings = {
				ALWAYS_SEARCH_USER_PATHS = NO;
				ARCHS = "$(ARCHS_STANDARD_64_BIT)";
				CLANG_CXX_LANGUAGE_STANDARD = "gnu++0x";
				CLANG_CXX_LIBRARY = "libc++";
				CLANG_WARN_CONSTANT_CONVERSION = YES;
				CLANG_WARN_EMPTY_BODY = YES;
				CLANG_WARN_ENUM_CONVERSION = YES;
				CLANG_WARN_INT_CONVERSION = YES;
				CLANG_WARN__DUPLICATE_METHOD_MATCH = YES;
				COPY_PHASE_STRIP = YES;
				DEBUG_INFORMATION_FORMAT = "dwarf-with-dsym";
				GCC_C_LANGUAGE_STANDARD = gnu99;
				GCC_ENABLE_OBJC_EXCEPTIONS = YES;
				GCC_WARN_64_TO_32_BIT_CONVERSION = YES;
				GCC_WARN_ABOUT_RETURN_TYPE = YES;
				GCC_WARN_UNINITIALIZED_AUTOS = YES;
				GCC_WARN_UNUSED_VARIABLE = YES;
				MACOSX_DEPLOYMENT_TARGET = 10.8;
				SDKROOT = macosx;
			};
			name = Release;
		};
		0CB5FDD2199228070037686D /* Debug */ = {
			isa = XCBuildConfiguration;
			buildSettings = {
				GCC_PRECOMPILE_PREFIX_HEADER = YES;
				GCC_PREFIX_HEADER = "ProtocolDemo/ProtocolDemo-Prefix.pch";
				PRODUCT_NAME = "$(TARGET_NAME)";
			};
			name = Debug;
		};
		0CB5FDD3199228070037686D /* Release */ = {
			isa = XCBuildConfiguration;
			buildSettings = {
				GCC_PRECOMPILE_PREFIX_HEADER = YES;
				GCC_PREFIX_HEADER = "ProtocolDemo/ProtocolDemo-Prefix.pch";
				PRODUCT_NAME = "$(TARGET_NAME)";
			};
			name = Release;
		};
/* End XCBuildConfiguration section */

/* Begin XCConfigurationList section */
		0CB5FDBE199228070037686D /* Build configuration list for PBXProject "ProtocolDemo" */ = {
			isa = XCConfigurationList;
			buildConfigurations = (
				0CB5FDCF199228070037686D /* Debug */,
				0CB5FDD0199228070037686D /* Release */,
			);
			defaultConfigurationIsVisible = 0;
			defaultConfigurationName = Release;
		};
		0CB5FDD1199228070037686D /* Build configuration list for PBXNativeTarget "ProtocolDemo" */ = {
			isa = XCConfigurationList;
			buildConfigurations = (
				0CB5FDD2199228070037686D /* Debug */,
				0CB5FDD3199228070037686D /* Release */,
			);
			defaultConfigurationIsVisible = 0;
		};
/* End XCConfigurationList section */
	};
	rootObject = 0CB5FDBB199228070037686D /* Project object */;
}
